<?xml version="1.0" encoding="utf-8"?>
<Project ToolsVersion="4.0" xmlns="http://schemas.microsoft.com/developer/msbuild/2003">
  <ItemGroup>
    <Filter Include="Documentation">
      <Extensions>css;htm;html;md;txt</Extensions>
    </Filter>
    <Filter Include="Header Files">
      <Extensions>h;hh;hpp;hxx;hm;inl;inc;ipp;xsd</Extensions>
    </Filter>
    <Filter Include="Source Files">
      <Extensions>cpp;c;cc;cxx;def;odl;idl;hpj;bat;asm;asmx</Extensions>
    </Filter>
    <Filter Include="Resource Files">
      <Extensions>rc;ico;cur;bmp;dlg;rc2;rct;bin;rgs;gif;jpg;jpeg;jpe;resx;tiff;tif;png;wav;mfcribbon-ms</Extensions>
    </Filter>
    <Filter Include="Support Files" />
  </ItemGroup>
  <ItemGroup>
    <ClInclude Include="src\Host\BoostRegexSearch.h">
      <Filter>Support Files</Filter>
    </ClInclude>
    <ClInclude Include="src\Host\menuCmdID.h">
      <Filter>Support Files</Filter>
    </ClInclude>
    <ClInclude Include="src\Host\Notepad_plus_msgs.h">
      <Filter>Support Files</Filter>
    </ClInclude>
    <ClInclude Include="src\Host\PluginInterface.h">
      <Filter>Support Files</Filter>
    </ClInclude>
    <ClInclude Include="src\Host\Scintilla.h">
      <Filter>Support Files</Filter>
    </ClInclude>
    <ClInclude Include="src\Host\ScintillaCall.h">
      <Filter>Support Files</Filter>
    </ClInclude>
    <ClInclude Include="src\Host\ScintillaMessages.h">
      <Filter>Support Files</Filter>
    </ClInclude>
    <ClInclude Include="src\Host\ScintillaStructures.h">
      <Filter>Support Files</Filter>
    </ClInclude>
    <ClInclude Include="src\Host\ScintillaTypes.h">
      <Filter>Support Files</Filter>
    </ClInclude>
    <ClInclude Include="src\Host\Sci_Position.h">
      <Filter>Support Files</Filter>
    </ClInclude>
    <ClInclude Include="src\CommonData.h">
      <Filter>Header Files</Filter>
    </ClInclude>
    <ClInclude Include="src\RenameDialog.h">
      <Filter>Header Files</Filter>
    </ClInclude>
    <ClInclude Include="src\TreeViewManager.h">
      <Filter>Header Files</Filter>
    </ClInclude>
    <ClInclude Include="src\nlohmann\json.hpp">
      <Filter>Support Files</Filter>
    </ClInclude>
    <ClInclude Include="src\resource.h">
      <Filter>Resource Files</Filter>
    </ClInclude>
    <ClInclude Include="src\Framework\ScintillaCallEx.h">
      <Filter>Support Files</Filter>
    </ClInclude>
    <ClInclude Include="src\Framework\ConfigFramework.h">
      <Filter>Support Files</Filter>
    </ClInclude>
    <ClInclude Include="src\Framework\PluginFramework.h">
      <Filter>Support Files</Filter>
    </ClInclude>
    <ClInclude Include="src\Framework\UtilityFramework.h">
      <Filter>Support Files</Filter>
    </ClInclude>
    <ClInclude Include="src\Host\Docking.h">
      <Filter>Support Files</Filter>
    </ClInclude>
    <ClInclude Include="src\Framework\UtilityFrameworkMIT.h">
      <Filter>Support Files</Filter>
    </ClInclude>
    <ClInclude Include="src\model\Session.h">
      <Filter>Header Files</Filter>
    </ClInclude>
    <ClInclude Include="src\model\VData.h">
      <Filter>Header Files</Filter>
    </ClInclude>
    <ClInclude Include="src\tinyxml2\tinyxml2.h">
      <Filter>Header Files</Filter>
    </ClInclude>
    <ClInclude Include="src\Translator.h">
      <Filter>Header Files</Filter>
    </ClInclude>
    <ClInclude Include="src\Util.h">
      <Filter>Header Files</Filter>
    </ClInclude>
  </ItemGroup>
  <ItemGroup>
    <ClCompile Include="src\About.cpp">
      <Filter>Source Files</Filter>
    </ClCompile>
    <ClCompile Include="src\Configuration.cpp">
      <Filter>Source Files</Filter>
    </ClCompile>
    <ClCompile Include="src\Plugin.cpp">
      <Filter>Source Files</Filter>
    </ClCompile>
    <ClCompile Include="src\ProcessNotifications.cpp">
      <Filter>Source Files</Filter>
    </ClCompile>
    <ClCompile Include="src\Settings.cpp">
      <Filter>Source Files</Filter>
    </ClCompile>
    <ClCompile Include="src\ProcessCommands.cpp">
      <Filter>Source Files</Filter>
    </ClCompile>
    <ClCompile Include="src\Framework\ScintillaCallEx.cpp">
      <Filter>Support Files</Filter>
    </ClCompile>
    <ClCompile Include="src\Framework\PluginFramework.cpp">
      <Filter>Support Files</Filter>
    </ClCompile>
    <ClCompile Include="src\VirtualPanel.cpp">
      <Filter>Source Files</Filter>
    </ClCompile>
    <ClCompile Include="src\model\VData.cpp">
      <Filter>Source Files</Filter>
    </ClCompile>
    <ClCompile Include="src\RenameDialog.cpp">
      <Filter>Source Files</Filter>
    </ClCompile>
    <ClCompile Include="src\TreeViewManager.cpp">
      <Filter>Source Files</Filter>
    </ClCompile>
    <ClCompile Include="src\tinyxml2\tinyxml2.cpp">
      <Filter>Source Files</Filter>
    </ClCompile>
    <ClCompile Include="src\Translator.cpp">
      <Filter>Source Files</Filter>
    </ClCompile>
    <ClCompile Include="src\Util.cpp">
      <Filter>Source Files</Filter>
    </ClCompile>
    <ClCompile Include="src\CorruptionDialog.cpp">
      <Filter>Source Files</Filter>
    </ClCompile>
  </ItemGroup>
  <ItemGroup>
    <ResourceCompile Include="src\resource.rc">
      <Filter>Resource Files</Filter>
    </ResourceCompile>
  </ItemGroup>
  <ItemGroup>
    <CopyFileToFolders Include="CHANGELOG.md">
      <Filter>Documentation</Filter>
    </CopyFileToFolders>
    <CopyFileToFolders Include="LICENSE.txt">
      <Filter>Documentation</Filter>
    </CopyFileToFolders>
    <CopyFileToFolders Include="README.md">
      <Filter>Documentation</Filter>
    </CopyFileToFolders>
  </ItemGroup>
  <ItemGroup>
    <None Include="src\Host\ScintillaCall.cxx">
      <Filter>Support Files</Filter>
    </None>
    <None Include="TaskList.md">
      <Filter>Documentation</Filter>
    </None>
  </ItemGroup>
  <ItemGroup>
    <Image Include="resources\file_light.ico">
      <Filter>Resource Files</Filter>
    </Image>
    <Image Include="resources\file_red.ico">
      <Filter>Resource Files</Filter>
    </Image>
    <Image Include="resources\folderyellow.ico">
      <Filter>Resource Files</Filter>
    </Image>
    <Image Include="resources\locked_light.ico">
      <Filter>Resource Files</Filter>
    </Image>
    <Image Include="resources\locked_dark.ico">
      <Filter>Resource Files</Filter>
    </Image>
    <Image Include="resources\two_view.ico">
      <Filter>Resource Files</Filter>
    </Image>
    <Image Include="resources\file_dark.ico">
      <Filter>Resource Files</Filter>
    </Image>
  </ItemGroup>
  <ItemGroup>
    <Xml Include="resources\lang\turkish.xml">
      <Filter>Resource Files</Filter>
    </Xml>
    <Xml Include="resources\lang\english.xml">
      <Filter>Resource Files</Filter>
    </Xml>
    <Xml Include="resources\lang\serbian.xml">
      <Filter>Resource Files</Filter>
    </Xml>
    <Xml Include="resources\lang\serbianCyrillic.xml">
      <Filter>Resource Files</Filter>
    </Xml>
  </ItemGroup>
</Project>
